
Microsoft Visual Studio Solution File, Format Version 12.00
# Visual Studio Version 16
VisualStudioVersion = 16.0.31729.503
MinimumVisualStudioVersion = 10.0.40219.1
Project("{9A19103F-16F7-4668-BE54-9A1E7A4F7556}") = "_00_Biblioteca", "_00_Biblioteca\_00_Biblioteca.csproj", "{5A878618-ACF3-407B-A269-EFEBC53B0226}"
EndProject
Project("{9A19103F-16F7-4668-BE54-9A1E7A4F7556}") = "_01_SerealizarXml", "_01_SerealizarXml\_01_SerealizarXml.csproj", "{72124633-96AD-4740-9922-759B06A5144B}"
EndProject
Project("{9A19103F-16F7-4668-BE54-9A1E7A4F7556}") = "_02_DeserialiadorXml", "_02_DeserialiadorXml\_02_DeserialiadorXml.csproj", "{4904089E-BBBC-4020-AA80-7F73C8E8088B}"
EndProject
Project("{9A19103F-16F7-4668-BE54-9A1E7A4F7556}") = "_03_SerializadorJson", "_03_SerializadorJson\_03_SerializadorJson.csproj", "{8D35E10D-9A78-4B46-9EF4-60E41EEB3DF0}"
EndProject
Project("{FAE04EC0-301F-11D3-BF4B-00C04F79EFBC}") = "_04_DeserializadorJson", "_04_DeserializadorJson\_04_DeserializadorJson.csproj", "{18C4B97F-BF6C-4D85-B034-94BF8F9429D2}"
EndProject
Global
	GlobalSection(SolutionConfigurationPlatforms) = preSolution
		Debug|Any CPU = Debug|Any CPU
		Release|Any CPU = Release|Any CPU
	EndGlobalSection
	GlobalSection(ProjectConfigurationPlatforms) = postSolution
		{5A878618-ACF3-407B-A269-EFEBC53B0226}.Debug|Any CPU.ActiveCfg = Debug|Any CPU
		{5A878618-ACF3-407B-A269-EFEBC53B0226}.Debug|Any CPU.Build.0 = Debug|Any CPU
		{5A878618-ACF3-407B-A269-EFEBC53B0226}.Release|Any CPU.ActiveCfg = Release|Any CPU
		{5A878618-ACF3-407B-A269-EFEBC53B0226}.Release|Any CPU.Build.0 = Release|Any CPU
		{72124633-96AD-4740-9922-759B06A5144B}.Debug|Any CPU.ActiveCfg = Debug|Any CPU
		{72124633-96AD-4740-9922-759B06A5144B}.Debug|Any CPU.Build.0 = Debug|Any CPU
		{72124633-96AD-4740-9922-759B06A5144B}.Release|Any CPU.ActiveCfg = Release|Any CPU
		{72124633-96AD-4740-9922-759B06A5144B}.Release|Any CPU.Build.0 = Release|Any CPU
		{4904089E-BBBC-4020-AA80-7F73C8E8088B}.Debug|Any CPU.ActiveCfg = Debug|Any CPU
		{4904089E-BBBC-4020-AA80-7F73C8E8088B}.Debug|Any CPU.Build.0 = Debug|Any CPU
		{4904089E-BBBC-4020-AA80-7F73C8E8088B}.Release|Any CPU.ActiveCfg = Release|Any CPU
		{4904089E-BBBC-4020-AA80-7F73C8E8088B}.Release|Any CPU.Build.0 = Release|Any CPU
		{8D35E10D-9A78-4B46-9EF4-60E41EEB3DF0}.Debug|Any CPU.ActiveCfg = Debug|Any CPU
		{8D35E10D-9A78-4B46-9EF4-60E41EEB3DF0}.Debug|Any CPU.Build.0 = Debug|Any CPU
		{8D35E10D-9A78-4B46-9EF4-60E41EEB3DF0}.Release|Any CPU.ActiveCfg = Release|Any CPU
		{8D35E10D-9A78-4B46-9EF4-60E41EEB3DF0}.Release|Any CPU.Build.0 = Release|Any CPU
		{18C4B97F-BF6C-4D85-B034-94BF8F9429D2}.Debug|Any CPU.ActiveCfg = Debug|Any CPU
		{18C4B97F-BF6C-4D85-B034-94BF8F9429D2}.Debug|Any CPU.Build.0 = Debug|Any CPU
		{18C4B97F-BF6C-4D85-B034-94BF8F9429D2}.Release|Any CPU.ActiveCfg = Release|Any CPU
		{18C4B97F-BF6C-4D85-B034-94BF8F9429D2}.Release|Any CPU.Build.0 = Release|Any CPU
	EndGlobalSection
	GlobalSection(SolutionProperties) = preSolution
		HideSolutionNode = FALSE
	EndGlobalSection
	GlobalSection(ExtensibilityGlobals) = postSolution
		SolutionGuid = {E8759719-49E2-48C7-97BE-C7632BDE727C}
	EndGlobalSection
EndGlobal
